// !$*UTF8*$!
{
	archiveVersion = 1;
	classes = {
	};
	objectVersion = 50;
	objects = {

/* Begin PBXBuildFile section */
		1B6A5CA5B1AD649C2D73482D /* Pods_WeatherTests.framework in Frameworks */ = {isa = PBXBuildFile; fileRef = 25317B149F75388499D12BE3 /* Pods_WeatherTests.framework */; };
		39264C6C9159A182012381B0 /* Pods_WeatherUITests.framework in Frameworks */ = {isa = PBXBuildFile; fileRef = C1B37315BDF1F73818CF0872 /* Pods_WeatherUITests.framework */; };
		5B3C51BF21F66B5200D64B92 /* WeatherService.swift in Sources */ = {isa = PBXBuildFile; fileRef = 5B3C51BE21F66B5200D64B92 /* WeatherService.swift */; };
		5B3C51C121F66B6D00D64B92 /* WeatherProvider.swift in Sources */ = {isa = PBXBuildFile; fileRef = 5B3C51C021F66B6D00D64B92 /* WeatherProvider.swift */; };
		5B3C51C421F66D7600D64B92 /* AppDefaults.swift in Sources */ = {isa = PBXBuildFile; fileRef = 5B3C51C321F66D7600D64B92 /* AppDefaults.swift */; };
		5B3C51C921F670F900D64B92 /* Service+Util.swift in Sources */ = {isa = PBXBuildFile; fileRef = 5B3C51C821F670F900D64B92 /* Service+Util.swift */; };
		5B55028021F37FDD0015EA72 /* AppDelegate.swift in Sources */ = {isa = PBXBuildFile; fileRef = 5B55027F21F37FDD0015EA72 /* AppDelegate.swift */; };
		5B55028521F37FDD0015EA72 /* Main.storyboard in Resources */ = {isa = PBXBuildFile; fileRef = 5B55028321F37FDD0015EA72 /* Main.storyboard */; };
		5B55028721F37FDE0015EA72 /* Assets.xcassets in Resources */ = {isa = PBXBuildFile; fileRef = 5B55028621F37FDE0015EA72 /* Assets.xcassets */; };
		5B55028A21F37FDE0015EA72 /* LaunchScreen.storyboard in Resources */ = {isa = PBXBuildFile; fileRef = 5B55028821F37FDE0015EA72 /* LaunchScreen.storyboard */; };
		5B55029521F37FDE0015EA72 /* WeatherTests.swift in Sources */ = {isa = PBXBuildFile; fileRef = 5B55029421F37FDE0015EA72 /* WeatherTests.swift */; };
		5B5502A021F37FDE0015EA72 /* WeatherUITests.swift in Sources */ = {isa = PBXBuildFile; fileRef = 5B55029F21F37FDE0015EA72 /* WeatherUITests.swift */; };
		5BD99D0B21F390FE00249542 /* WeatherViewController.swift in Sources */ = {isa = PBXBuildFile; fileRef = 5BD99D0A21F390FE00249542 /* WeatherViewController.swift */; };
		5BD99D0D21F3915300249542 /* ActualWeatherViewController.swift in Sources */ = {isa = PBXBuildFile; fileRef = 5BD99D0C21F3915300249542 /* ActualWeatherViewController.swift */; };
		5BD99D1121F3918400249542 /* ForecastViewController.swift in Sources */ = {isa = PBXBuildFile; fileRef = 5BD99D1021F3918400249542 /* ForecastViewController.swift */; };
		5BD99D1421F39F5500249542 /* TabBarItem.swift in Sources */ = {isa = PBXBuildFile; fileRef = 5BD99D1321F39F5500249542 /* TabBarItem.swift */; };
		5BD99D1721F39F7900249542 /* Colors.swift in Sources */ = {isa = PBXBuildFile; fileRef = 5BD99D1621F39F7900249542 /* Colors.swift */; };
		5BD99D1921F3A5BD00249542 /* WeatherTabBarController.swift in Sources */ = {isa = PBXBuildFile; fileRef = 5BD99D1821F3A5BD00249542 /* WeatherTabBarController.swift */; };
		ACB736961215FC0CA8F184D6 /* Pods_Weather.framework in Frameworks */ = {isa = PBXBuildFile; fileRef = FB24CD9B7612F89BC404EB4B /* Pods_Weather.framework */; };
/* End PBXBuildFile section */

/* Begin PBXContainerItemProxy section */
		5B55029121F37FDE0015EA72 /* PBXContainerItemProxy */ = {
			isa = PBXContainerItemProxy;
			containerPortal = 5B55027421F37FDC0015EA72 /* Project object */;
			proxyType = 1;
			remoteGlobalIDString = 5B55027B21F37FDC0015EA72;
			remoteInfo = Weather;
		};
		5B55029C21F37FDE0015EA72 /* PBXContainerItemProxy */ = {
			isa = PBXContainerItemProxy;
			containerPortal = 5B55027421F37FDC0015EA72 /* Project object */;
			proxyType = 1;
			remoteGlobalIDString = 5B55027B21F37FDC0015EA72;
			remoteInfo = Weather;
		};
/* End PBXContainerItemProxy section */

/* Begin PBXFileReference section */
		0BC207054D08A8C8805E9454 /* Pods-WeatherUITests.debug.xcconfig */ = {isa = PBXFileReference; includeInIndex = 1; lastKnownFileType = text.xcconfig; name = "Pods-WeatherUITests.debug.xcconfig"; path = "Pods/Target Support Files/Pods-WeatherUITests/Pods-WeatherUITests.debug.xcconfig"; sourceTree = "<group>"; };
		18E1E39CF0F2BBA18D2C8EF8 /* Pods-Weather.release.xcconfig */ = {isa = PBXFileReference; includeInIndex = 1; lastKnownFileType = text.xcconfig; name = "Pods-Weather.release.xcconfig"; path = "Pods/Target Support Files/Pods-Weather/Pods-Weather.release.xcconfig"; sourceTree = "<group>"; };
		25317B149F75388499D12BE3 /* Pods_WeatherTests.framework */ = {isa = PBXFileReference; explicitFileType = wrapper.framework; includeInIndex = 0; path = Pods_WeatherTests.framework; sourceTree = BUILT_PRODUCTS_DIR; };
		5B3C51BE21F66B5200D64B92 /* WeatherService.swift */ = {isa = PBXFileReference; lastKnownFileType = sourcecode.swift; name = WeatherService.swift; path = "New Group/WeatherService.swift"; sourceTree = "<group>"; };
		5B3C51C021F66B6D00D64B92 /* WeatherProvider.swift */ = {isa = PBXFileReference; lastKnownFileType = sourcecode.swift; path = WeatherProvider.swift; sourceTree = "<group>"; };
		5B3C51C321F66D7600D64B92 /* AppDefaults.swift */ = {isa = PBXFileReference; lastKnownFileType = sourcecode.swift; path = AppDefaults.swift; sourceTree = "<group>"; };
		5B3C51C821F670F900D64B92 /* Service+Util.swift */ = {isa = PBXFileReference; lastKnownFileType = sourcecode.swift; path = "Service+Util.swift"; sourceTree = "<group>"; };
		5B4F791C849B24E512F020A0 /* Pods-WeatherTests.debug.xcconfig */ = {isa = PBXFileReference; includeInIndex = 1; lastKnownFileType = text.xcconfig; name = "Pods-WeatherTests.debug.xcconfig"; path = "Pods/Target Support Files/Pods-WeatherTests/Pods-WeatherTests.debug.xcconfig"; sourceTree = "<group>"; };
		5B55027C21F37FDD0015EA72 /* Weather.app */ = {isa = PBXFileReference; explicitFileType = wrapper.application; includeInIndex = 0; path = Weather.app; sourceTree = BUILT_PRODUCTS_DIR; };
		5B55027F21F37FDD0015EA72 /* AppDelegate.swift */ = {isa = PBXFileReference; lastKnownFileType = sourcecode.swift; path = AppDelegate.swift; sourceTree = "<group>"; };
		5B55028421F37FDD0015EA72 /* Base */ = {isa = PBXFileReference; lastKnownFileType = file.storyboard; name = Base; path = Base.lproj/Main.storyboard; sourceTree = "<group>"; };
		5B55028621F37FDE0015EA72 /* Assets.xcassets */ = {isa = PBXFileReference; lastKnownFileType = folder.assetcatalog; path = Assets.xcassets; sourceTree = "<group>"; };
		5B55028921F37FDE0015EA72 /* Base */ = {isa = PBXFileReference; lastKnownFileType = file.storyboard; name = Base; path = Base.lproj/LaunchScreen.storyboard; sourceTree = "<group>"; };
		5B55028B21F37FDE0015EA72 /* Info.plist */ = {isa = PBXFileReference; lastKnownFileType = text.plist.xml; path = Info.plist; sourceTree = "<group>"; };
		5B55029021F37FDE0015EA72 /* WeatherTests.xctest */ = {isa = PBXFileReference; explicitFileType = wrapper.cfbundle; includeInIndex = 0; path = WeatherTests.xctest; sourceTree = BUILT_PRODUCTS_DIR; };
		5B55029421F37FDE0015EA72 /* WeatherTests.swift */ = {isa = PBXFileReference; lastKnownFileType = sourcecode.swift; path = WeatherTests.swift; sourceTree = "<group>"; };
		5B55029621F37FDE0015EA72 /* Info.plist */ = {isa = PBXFileReference; lastKnownFileType = text.plist.xml; path = Info.plist; sourceTree = "<group>"; };
		5B55029B21F37FDE0015EA72 /* WeatherUITests.xctest */ = {isa = PBXFileReference; explicitFileType = wrapper.cfbundle; includeInIndex = 0; path = WeatherUITests.xctest; sourceTree = BUILT_PRODUCTS_DIR; };
		5B55029F21F37FDE0015EA72 /* WeatherUITests.swift */ = {isa = PBXFileReference; lastKnownFileType = sourcecode.swift; path = WeatherUITests.swift; sourceTree = "<group>"; };
		5B5502A121F37FDE0015EA72 /* Info.plist */ = {isa = PBXFileReference; lastKnownFileType = text.plist.xml; path = Info.plist; sourceTree = "<group>"; };
		5BD99D0A21F390FE00249542 /* WeatherViewController.swift */ = {isa = PBXFileReference; lastKnownFileType = sourcecode.swift; path = WeatherViewController.swift; sourceTree = "<group>"; };
		5BD99D0C21F3915300249542 /* ActualWeatherViewController.swift */ = {isa = PBXFileReference; lastKnownFileType = sourcecode.swift; path = ActualWeatherViewController.swift; sourceTree = "<group>"; };
		5BD99D1021F3918400249542 /* ForecastViewController.swift */ = {isa = PBXFileReference; lastKnownFileType = sourcecode.swift; path = ForecastViewController.swift; sourceTree = "<group>"; };
		5BD99D1321F39F5500249542 /* TabBarItem.swift */ = {isa = PBXFileReference; lastKnownFileType = sourcecode.swift; path = TabBarItem.swift; sourceTree = "<group>"; };
		5BD99D1621F39F7900249542 /* Colors.swift */ = {isa = PBXFileReference; lastKnownFileType = sourcecode.swift; path = Colors.swift; sourceTree = "<group>"; };
		5BD99D1821F3A5BD00249542 /* WeatherTabBarController.swift */ = {isa = PBXFileReference; lastKnownFileType = sourcecode.swift; path = WeatherTabBarController.swift; sourceTree = "<group>"; };
		93346BE29D72A8259B8B827E /* Pods-WeatherUITests.release.xcconfig */ = {isa = PBXFileReference; includeInIndex = 1; lastKnownFileType = text.xcconfig; name = "Pods-WeatherUITests.release.xcconfig"; path = "Pods/Target Support Files/Pods-WeatherUITests/Pods-WeatherUITests.release.xcconfig"; sourceTree = "<group>"; };
		A02D272CC31C9DA106D4787F /* Pods-WeatherTests.release.xcconfig */ = {isa = PBXFileReference; includeInIndex = 1; lastKnownFileType = text.xcconfig; name = "Pods-WeatherTests.release.xcconfig"; path = "Pods/Target Support Files/Pods-WeatherTests/Pods-WeatherTests.release.xcconfig"; sourceTree = "<group>"; };
		B072C6F1498945ECC27CCF1A /* Pods-Weather.debug.xcconfig */ = {isa = PBXFileReference; includeInIndex = 1; lastKnownFileType = text.xcconfig; name = "Pods-Weather.debug.xcconfig"; path = "Pods/Target Support Files/Pods-Weather/Pods-Weather.debug.xcconfig"; sourceTree = "<group>"; };
		C1B37315BDF1F73818CF0872 /* Pods_WeatherUITests.framework */ = {isa = PBXFileReference; explicitFileType = wrapper.framework; includeInIndex = 0; path = Pods_WeatherUITests.framework; sourceTree = BUILT_PRODUCTS_DIR; };
		FB24CD9B7612F89BC404EB4B /* Pods_Weather.framework */ = {isa = PBXFileReference; explicitFileType = wrapper.framework; includeInIndex = 0; path = Pods_Weather.framework; sourceTree = BUILT_PRODUCTS_DIR; };
/* End PBXFileReference section */

/* Begin PBXFrameworksBuildPhase section */
		5B55027921F37FDC0015EA72 /* Frameworks */ = {
			isa = PBXFrameworksBuildPhase;
			buildActionMask = 2147483647;
			files = (
				ACB736961215FC0CA8F184D6 /* Pods_Weather.framework in Frameworks */,
			);
			runOnlyForDeploymentPostprocessing = 0;
		};
		5B55028D21F37FDE0015EA72 /* Frameworks */ = {
			isa = PBXFrameworksBuildPhase;
			buildActionMask = 2147483647;
			files = (
				1B6A5CA5B1AD649C2D73482D /* Pods_WeatherTests.framework in Frameworks */,
			);
			runOnlyForDeploymentPostprocessing = 0;
		};
		5B55029821F37FDE0015EA72 /* Frameworks */ = {
			isa = PBXFrameworksBuildPhase;
			buildActionMask = 2147483647;
			files = (
				39264C6C9159A182012381B0 /* Pods_WeatherUITests.framework in Frameworks */,
			);
			runOnlyForDeploymentPostprocessing = 0;
		};
/* End PBXFrameworksBuildPhase section */

/* Begin PBXGroup section */
		5B3C51BD21F66AFB00D64B92 /* Networking */ = {
			isa = PBXGroup;
			children = (
				5B3C51C021F66B6D00D64B92 /* WeatherProvider.swift */,
				5B3C51BE21F66B5200D64B92 /* WeatherService.swift */,
			);
			path = Networking;
			sourceTree = "<group>";
		};
		5B3C51C221F66D6500D64B92 /* AppDefaults */ = {
			isa = PBXGroup;
			children = (
				5B3C51C321F66D7600D64B92 /* AppDefaults.swift */,
			);
			path = AppDefaults;
			sourceTree = "<group>";
		};
		5B3C51C721F670EA00D64B92 /* Service */ = {
			isa = PBXGroup;
			children = (
				5B3C51C821F670F900D64B92 /* Service+Util.swift */,
			);
			path = Service;
			sourceTree = "<group>";
		};
		5B55027321F37FDC0015EA72 = {
			isa = PBXGroup;
			children = (
				5B55027E21F37FDD0015EA72 /* Weather */,
				5B55029321F37FDE0015EA72 /* WeatherTests */,
				5B55029E21F37FDE0015EA72 /* WeatherUITests */,
				5B55027D21F37FDD0015EA72 /* Products */,
				E4D59D9DB4C1148BFDA51011 /* Pods */,
				726C01A4011B0610476A4035 /* Frameworks */,
			);
			sourceTree = "<group>";
		};
		5B55027D21F37FDD0015EA72 /* Products */ = {
			isa = PBXGroup;
			children = (
				5B55027C21F37FDD0015EA72 /* Weather.app */,
				5B55029021F37FDE0015EA72 /* WeatherTests.xctest */,
				5B55029B21F37FDE0015EA72 /* WeatherUITests.xctest */,
			);
			name = Products;
			sourceTree = "<group>";
		};
		5B55027E21F37FDD0015EA72 /* Weather */ = {
			isa = PBXGroup;
			children = (
				5B55027F21F37FDD0015EA72 /* AppDelegate.swift */,
				5BD99D0821F3909C00249542 /* Util */,
				5B3C51BD21F66AFB00D64B92 /* Networking */,
				5BD99D0121F38D4B00249542 /* Models */,
				5BD99D0521F38E3600249542 /* Presenters */,
				5BD99D0321F38D7500249542 /* Controllers */,
				5BD99D0221F38D5600249542 /* Views */,
				5BD99D0421F38E1E00249542 /* Resources */,
			);
			path = Weather;
			sourceTree = "<group>";
		};
		5B55029321F37FDE0015EA72 /* WeatherTests */ = {
			isa = PBXGroup;
			children = (
				5B55029421F37FDE0015EA72 /* WeatherTests.swift */,
				5B55029621F37FDE0015EA72 /* Info.plist */,
			);
			path = WeatherTests;
			sourceTree = "<group>";
		};
		5B55029E21F37FDE0015EA72 /* WeatherUITests */ = {
			isa = PBXGroup;
			children = (
				5B55029F21F37FDE0015EA72 /* WeatherUITests.swift */,
				5B5502A121F37FDE0015EA72 /* Info.plist */,
			);
			path = WeatherUITests;
			sourceTree = "<group>";
		};
		5BD99D0121F38D4B00249542 /* Models */ = {
			isa = PBXGroup;
			children = (
			);
			path = Models;
			sourceTree = "<group>";
		};
		5BD99D0221F38D5600249542 /* Views */ = {
			isa = PBXGroup;
			children = (
				5BD99D1221F39F3E00249542 /* TabBarItem */,
			);
			path = Views;
			sourceTree = "<group>";
		};
		5BD99D0321F38D7500249542 /* Controllers */ = {
			isa = PBXGroup;
			children = (
				5BD99D0F21F3916B00249542 /* Forecast */,
				5BD99D0E21F3916300249542 /* ActualWeather */,
				5BD99D0A21F390FE00249542 /* WeatherViewController.swift */,
				5BD99D1821F3A5BD00249542 /* WeatherTabBarController.swift */,
			);
			path = Controllers;
			sourceTree = "<group>";
		};
		5BD99D0421F38E1E00249542 /* Resources */ = {
			isa = PBXGroup;
			children = (
				5B3C51C221F66D6500D64B92 /* AppDefaults */,
				5BD99D1521F39F6F00249542 /* Colors */,
				5BD99D0721F38E8900249542 /* Fonts */,
				5BD99D0621F38E4500249542 /* Storyboards */,
				5B55028621F37FDE0015EA72 /* Assets.xcassets */,
				5B55028B21F37FDE0015EA72 /* Info.plist */,
			);
			path = Resources;
			sourceTree = "<group>";
		};
		5BD99D0521F38E3600249542 /* Presenters */ = {
			isa = PBXGroup;
			children = (
			);
			path = Presenters;
			sourceTree = "<group>";
		};
		5BD99D0621F38E4500249542 /* Storyboards */ = {
			isa = PBXGroup;
			children = (
				5B55028321F37FDD0015EA72 /* Main.storyboard */,
				5B55028821F37FDE0015EA72 /* LaunchScreen.storyboard */,
			);
			path = Storyboards;
			sourceTree = "<group>";
		};
		5BD99D0721F38E8900249542 /* Fonts */ = {
			isa = PBXGroup;
			children = (
			);
			path = Fonts;
			sourceTree = "<group>";
		};
		5BD99D0821F3909C00249542 /* Util */ = {
			isa = PBXGroup;
			children = (
				5B3C51C721F670EA00D64B92 /* Service */,
				5BD99D0921F390D900249542 /* Logger */,
			);
			path = Util;
			sourceTree = "<group>";
		};
		5BD99D0921F390D900249542 /* Logger */ = {
			isa = PBXGroup;
			children = (
			);
			path = Logger;
			sourceTree = "<group>";
		};
		5BD99D0E21F3916300249542 /* ActualWeather */ = {
			isa = PBXGroup;
			children = (
				5BD99D0C21F3915300249542 /* ActualWeatherViewController.swift */,
			);
			path = ActualWeather;
			sourceTree = "<group>";
		};
		5BD99D0F21F3916B00249542 /* Forecast */ = {
			isa = PBXGroup;
			children = (
				5BD99D1021F3918400249542 /* ForecastViewController.swift */,
			);
			path = Forecast;
			sourceTree = "<group>";
		};
		5BD99D1221F39F3E00249542 /* TabBarItem */ = {
			isa = PBXGroup;
			children = (
				5BD99D1321F39F5500249542 /* TabBarItem.swift */,
			);
			path = TabBarItem;
			sourceTree = "<group>";
		};
		5BD99D1521F39F6F00249542 /* Colors */ = {
			isa = PBXGroup;
			children = (
				5BD99D1621F39F7900249542 /* Colors.swift */,
			);
			path = Colors;
			sourceTree = "<group>";
		};
		726C01A4011B0610476A4035 /* Frameworks */ = {
			isa = PBXGroup;
			children = (
				FB24CD9B7612F89BC404EB4B /* Pods_Weather.framework */,
				25317B149F75388499D12BE3 /* Pods_WeatherTests.framework */,
				C1B37315BDF1F73818CF0872 /* Pods_WeatherUITests.framework */,
			);
			name = Frameworks;
			sourceTree = "<group>";
		};
		E4D59D9DB4C1148BFDA51011 /* Pods */ = {
			isa = PBXGroup;
			children = (
				B072C6F1498945ECC27CCF1A /* Pods-Weather.debug.xcconfig */,
				18E1E39CF0F2BBA18D2C8EF8 /* Pods-Weather.release.xcconfig */,
				5B4F791C849B24E512F020A0 /* Pods-WeatherTests.debug.xcconfig */,
				A02D272CC31C9DA106D4787F /* Pods-WeatherTests.release.xcconfig */,
				0BC207054D08A8C8805E9454 /* Pods-WeatherUITests.debug.xcconfig */,
				93346BE29D72A8259B8B827E /* Pods-WeatherUITests.release.xcconfig */,
			);
			name = Pods;
			sourceTree = "<group>";
		};
/* End PBXGroup section */

/* Begin PBXNativeTarget section */
		5B55027B21F37FDC0015EA72 /* Weather */ = {
			isa = PBXNativeTarget;
			buildConfigurationList = 5B5502A421F37FDE0015EA72 /* Build configuration list for PBXNativeTarget "Weather" */;
			buildPhases = (
				5CB4D5BF2CA5F9498A585B41 /* [CP] Check Pods Manifest.lock */,
				5B55027821F37FDC0015EA72 /* Sources */,
				5B55027921F37FDC0015EA72 /* Frameworks */,
				5B55027A21F37FDC0015EA72 /* Resources */,
				5BD99D0021F38AD900249542 /* ShellScript */,
				815572F25DF322032566CB37 /* [CP] Embed Pods Frameworks */,
			);
			buildRules = (
			);
			dependencies = (
			);
			name = Weather;
			productName = Weather;
			productReference = 5B55027C21F37FDD0015EA72 /* Weather.app */;
			productType = "com.apple.product-type.application";
		};
		5B55028F21F37FDE0015EA72 /* WeatherTests */ = {
			isa = PBXNativeTarget;
			buildConfigurationList = 5B5502A721F37FDE0015EA72 /* Build configuration list for PBXNativeTarget "WeatherTests" */;
			buildPhases = (
				6F556414D5946B13A2004D34 /* [CP] Check Pods Manifest.lock */,
				5B55028C21F37FDE0015EA72 /* Sources */,
				5B55028D21F37FDE0015EA72 /* Frameworks */,
				5B55028E21F37FDE0015EA72 /* Resources */,
			);
			buildRules = (
			);
			dependencies = (
				5B55029221F37FDE0015EA72 /* PBXTargetDependency */,
			);
			name = WeatherTests;
			productName = WeatherTests;
			productReference = 5B55029021F37FDE0015EA72 /* WeatherTests.xctest */;
			productType = "com.apple.product-type.bundle.unit-test";
		};
		5B55029A21F37FDE0015EA72 /* WeatherUITests */ = {
			isa = PBXNativeTarget;
			buildConfigurationList = 5B5502AA21F37FDE0015EA72 /* Build configuration list for PBXNativeTarget "WeatherUITests" */;
			buildPhases = (
				7DF3F2D8C5FED8C9CD6D09F0 /* [CP] Check Pods Manifest.lock */,
				5B55029721F37FDE0015EA72 /* Sources */,
				5B55029821F37FDE0015EA72 /* Frameworks */,
				5B55029921F37FDE0015EA72 /* Resources */,
			);
			buildRules = (
			);
			dependencies = (
				5B55029D21F37FDE0015EA72 /* PBXTargetDependency */,
			);
			name = WeatherUITests;
			productName = WeatherUITests;
			productReference = 5B55029B21F37FDE0015EA72 /* WeatherUITests.xctest */;
			productType = "com.apple.product-type.bundle.ui-testing";
		};
/* End PBXNativeTarget section */

/* Begin PBXProject section */
		5B55027421F37FDC0015EA72 /* Project object */ = {
			isa = PBXProject;
			attributes = {
				LastSwiftUpdateCheck = 1010;
				LastUpgradeCheck = 1010;
				ORGANIZATIONNAME = breno.vinicios;
				TargetAttributes = {
					5B55027B21F37FDC0015EA72 = {
						CreatedOnToolsVersion = 10.1;
					};
					5B55028F21F37FDE0015EA72 = {
						CreatedOnToolsVersion = 10.1;
						TestTargetID = 5B55027B21F37FDC0015EA72;
					};
					5B55029A21F37FDE0015EA72 = {
						CreatedOnToolsVersion = 10.1;
						TestTargetID = 5B55027B21F37FDC0015EA72;
					};
				};
			};
			buildConfigurationList = 5B55027721F37FDC0015EA72 /* Build configuration list for PBXProject "Weather" */;
			compatibilityVersion = "Xcode 9.3";
			developmentRegion = en;
			hasScannedForEncodings = 0;
			knownRegions = (
				en,
				Base,
			);
			mainGroup = 5B55027321F37FDC0015EA72;
			productRefGroup = 5B55027D21F37FDD0015EA72 /* Products */;
			projectDirPath = "";
			projectRoot = "";
			targets = (
				5B55027B21F37FDC0015EA72 /* Weather */,
				5B55028F21F37FDE0015EA72 /* WeatherTests */,
				5B55029A21F37FDE0015EA72 /* WeatherUITests */,
			);
		};
/* End PBXProject section */

/* Begin PBXResourcesBuildPhase section */
		5B55027A21F37FDC0015EA72 /* Resources */ = {
			isa = PBXResourcesBuildPhase;
			buildActionMask = 2147483647;
			files = (
				5B55028A21F37FDE0015EA72 /* LaunchScreen.storyboard in Resources */,
				5B55028721F37FDE0015EA72 /* Assets.xcassets in Resources */,
				5B55028521F37FDD0015EA72 /* Main.storyboard in Resources */,
			);
			runOnlyForDeploymentPostprocessing = 0;
		};
		5B55028E21F37FDE0015EA72 /* Resources */ = {
			isa = PBXResourcesBuildPhase;
			buildActionMask = 2147483647;
			files = (
			);
			runOnlyForDeploymentPostprocessing = 0;
		};
		5B55029921F37FDE0015EA72 /* Resources */ = {
			isa = PBXResourcesBuildPhase;
			buildActionMask = 2147483647;
			files = (
			);
			runOnlyForDeploymentPostprocessing = 0;
		};
/* End PBXResourcesBuildPhase section */

/* Begin PBXShellScriptBuildPhase section */
		5BD99D0021F38AD900249542 /* ShellScript */ = {
			isa = PBXShellScriptBuildPhase;
			buildActionMask = 2147483647;
			files = (
			);
			inputFileListPaths = (
			);
			inputPaths = (
			);
			outputFileListPaths = (
			);
			outputPaths = (
			);
			runOnlyForDeploymentPostprocessing = 0;
			shellPath = /bin/sh;
			shellScript = "\"${PODS_ROOT}/SwiftLint/swiftlint\"\n";
		};
		5CB4D5BF2CA5F9498A585B41 /* [CP] Check Pods Manifest.lock */ = {
			isa = PBXShellScriptBuildPhase;
			buildActionMask = 2147483647;
			files = (
			);
			inputPaths = (
				"${PODS_PODFILE_DIR_PATH}/Podfile.lock",
				"${PODS_ROOT}/Manifest.lock",
			);
			name = "[CP] Check Pods Manifest.lock";
			outputPaths = (
				"$(DERIVED_FILE_DIR)/Pods-Weather-checkManifestLockResult.txt",
			);
			runOnlyForDeploymentPostprocessing = 0;
			shellPath = /bin/sh;
			shellScript = "diff \"${PODS_PODFILE_DIR_PATH}/Podfile.lock\" \"${PODS_ROOT}/Manifest.lock\" > /dev/null\nif [ $? != 0 ] ; then\n    # print error to STDERR\n    echo \"error: The sandbox is not in sync with the Podfile.lock. Run 'pod install' or update your CocoaPods installation.\" >&2\n    exit 1\nfi\n# This output is used by Xcode 'outputs' to avoid re-running this script phase.\necho \"SUCCESS\" > \"${SCRIPT_OUTPUT_FILE_0}\"\n";
			showEnvVarsInLog = 0;
		};
		6F556414D5946B13A2004D34 /* [CP] Check Pods Manifest.lock */ = {
			isa = PBXShellScriptBuildPhase;
			buildActionMask = 2147483647;
			files = (
			);
			inputPaths = (
				"${PODS_PODFILE_DIR_PATH}/Podfile.lock",
				"${PODS_ROOT}/Manifest.lock",
			);
			name = "[CP] Check Pods Manifest.lock";
			outputPaths = (
				"$(DERIVED_FILE_DIR)/Pods-WeatherTests-checkManifestLockResult.txt",
			);
			runOnlyForDeploymentPostprocessing = 0;
			shellPath = /bin/sh;
			shellScript = "diff \"${PODS_PODFILE_DIR_PATH}/Podfile.lock\" \"${PODS_ROOT}/Manifest.lock\" > /dev/null\nif [ $? != 0 ] ; then\n    # print error to STDERR\n    echo \"error: The sandbox is not in sync with the Podfile.lock. Run 'pod install' or update your CocoaPods installation.\" >&2\n    exit 1\nfi\n# This output is used by Xcode 'outputs' to avoid re-running this script phase.\necho \"SUCCESS\" > \"${SCRIPT_OUTPUT_FILE_0}\"\n";
			showEnvVarsInLog = 0;
		};
		7DF3F2D8C5FED8C9CD6D09F0 /* [CP] Check Pods Manifest.lock */ = {
			isa = PBXShellScriptBuildPhase;
			buildActionMask = 2147483647;
			files = (
			);
			inputPaths = (
				"${PODS_PODFILE_DIR_PATH}/Podfile.lock",
				"${PODS_ROOT}/Manifest.lock",
			);
			name = "[CP] Check Pods Manifest.lock";
			outputPaths = (
				"$(DERIVED_FILE_DIR)/Pods-WeatherUITests-checkManifestLockResult.txt",
			);
			runOnlyForDeploymentPostprocessing = 0;
			shellPath = /bin/sh;
			shellScript = "diff \"${PODS_PODFILE_DIR_PATH}/Podfile.lock\" \"${PODS_ROOT}/Manifest.lock\" > /dev/null\nif [ $? != 0 ] ; then\n    # print error to STDERR\n    echo \"error: The sandbox is not in sync with the Podfile.lock. Run 'pod install' or update your CocoaPods installation.\" >&2\n    exit 1\nfi\n# This output is used by Xcode 'outputs' to avoid re-running this script phase.\necho \"SUCCESS\" > \"${SCRIPT_OUTPUT_FILE_0}\"\n";
			showEnvVarsInLog = 0;
		};
		815572F25DF322032566CB37 /* [CP] Embed Pods Frameworks */ = {
			isa = PBXShellScriptBuildPhase;
			buildActionMask = 2147483647;
			files = (
			);
			inputFileListPaths = (
			);
			inputPaths = (
				"${PODS_ROOT}/Target Support Files/Pods-Weather/Pods-Weather-frameworks.sh",
				"${BUILT_PRODUCTS_DIR}/Alamofire/Alamofire.framework",
				"${BUILT_PRODUCTS_DIR}/Moya/Moya.framework",
				"${BUILT_PRODUCTS_DIR}/Result/Result.framework",
			);
			name = "[CP] Embed Pods Frameworks";
			outputFileListPaths = (
			);
			outputPaths = (
				"${TARGET_BUILD_DIR}/${FRAMEWORKS_FOLDER_PATH}/Alamofire.framework",
				"${TARGET_BUILD_DIR}/${FRAMEWORKS_FOLDER_PATH}/Moya.framework",
				"${TARGET_BUILD_DIR}/${FRAMEWORKS_FOLDER_PATH}/Result.framework",
			);
			runOnlyForDeploymentPostprocessing = 0;
			shellPath = /bin/sh;
			shellScript = "\"${PODS_ROOT}/Target Support Files/Pods-Weather/Pods-Weather-frameworks.sh\"\n";
			showEnvVarsInLog = 0;
		};
/* End PBXShellScriptBuildPhase section */

/* Begin PBXSourcesBuildPhase section */
		5B55027821F37FDC0015EA72 /* Sources */ = {
			isa = PBXSourcesBuildPhase;
			buildActionMask = 2147483647;
			files = (
				5B3C51BF21F66B5200D64B92 /* WeatherService.swift in Sources */,
				5BD99D0B21F390FE00249542 /* WeatherViewController.swift in Sources */,
				5BD99D1721F39F7900249542 /* Colors.swift in Sources */,
				5BD99D1121F3918400249542 /* ForecastViewController.swift in Sources */,
				5B3C51C121F66B6D00D64B92 /* WeatherProvider.swift in Sources */,
				5B3C51C421F66D7600D64B92 /* AppDefaults.swift in Sources */,
				5BD99D1421F39F5500249542 /* TabBarItem.swift in Sources */,
				5B3C51C921F670F900D64B92 /* Service+Util.swift in Sources */,
				5BD99D1921F3A5BD00249542 /* WeatherTabBarController.swift in Sources */,
				5BD99D0D21F3915300249542 /* ActualWeatherViewController.swift in Sources */,
				5B55028021F37FDD0015EA72 /* AppDelegate.swift in Sources */,
			);
			runOnlyForDeploymentPostprocessing = 0;
		};
		5B55028C21F37FDE0015EA72 /* Sources */ = {
			isa = PBXSourcesBuildPhase;
			buildActionMask = 2147483647;
			files = (
				5B55029521F37FDE0015EA72 /* WeatherTests.swift in Sources */,
			);
			runOnlyForDeploymentPostprocessing = 0;
		};
		5B55029721F37FDE0015EA72 /* Sources */ = {
			isa = PBXSourcesBuildPhase;
			buildActionMask = 2147483647;
			files = (
				5B5502A021F37FDE0015EA72 /* WeatherUITests.swift in Sources */,
			);
			runOnlyForDeploymentPostprocessing = 0;
		};
/* End PBXSourcesBuildPhase section */

/* Begin PBXTargetDependency section */
		5B55029221F37FDE0015EA72 /* PBXTargetDependency */ = {
			isa = PBXTargetDependency;
			target = 5B55027B21F37FDC0015EA72 /* Weather */;
			targetProxy = 5B55029121F37FDE0015EA72 /* PBXContainerItemProxy */;
		};
		5B55029D21F37FDE0015EA72 /* PBXTargetDependency */ = {
			isa = PBXTargetDependency;
			target = 5B55027B21F37FDC0015EA72 /* Weather */;
			targetProxy = 5B55029C21F37FDE0015EA72 /* PBXContainerItemProxy */;
		};
/* End PBXTargetDependency section */

/* Begin PBXVariantGroup section */
		5B55028321F37FDD0015EA72 /* Main.storyboard */ = {
			isa = PBXVariantGroup;
			children = (
				5B55028421F37FDD0015EA72 /* Base */,
			);
			name = Main.storyboard;
			sourceTree = "<group>";
		};
		5B55028821F37FDE0015EA72 /* LaunchScreen.storyboard */ = {
			isa = PBXVariantGroup;
			children = (
				5B55028921F37FDE0015EA72 /* Base */,
			);
			name = LaunchScreen.storyboard;
			sourceTree = "<group>";
		};
/* End PBXVariantGroup section */

/* Begin XCBuildConfiguration section */
		5B5502A221F37FDE0015EA72 /* Debug */ = {
			isa = XCBuildConfiguration;
			buildSettings = {
				ALWAYS_SEARCH_USER_PATHS = NO;
				CLANG_ANALYZER_NONNULL = YES;
				CLANG_ANALYZER_NUMBER_OBJECT_CONVERSION = YES_AGGRESSIVE;
				CLANG_CXX_LANGUAGE_STANDARD = "gnu++14";
				CLANG_CXX_LIBRARY = "libc++";
				CLANG_ENABLE_MODULES = YES;
				CLANG_ENABLE_OBJC_ARC = YES;
				CLANG_ENABLE_OBJC_WEAK = YES;
				CLANG_WARN_BLOCK_CAPTURE_AUTORELEASING = YES;
				CLANG_WARN_BOOL_CONVERSION = YES;
				CLANG_WARN_COMMA = YES;
				CLANG_WARN_CONSTANT_CONVERSION = YES;
				CLANG_WARN_DEPRECATED_OBJC_IMPLEMENTATIONS = YES;
				CLANG_WARN_DIRECT_OBJC_ISA_USAGE = YES_ERROR;
				CLANG_WARN_DOCUMENTATION_COMMENTS = YES;
				CLANG_WARN_EMPTY_BODY = YES;
				CLANG_WARN_ENUM_CONVERSION = YES;
				CLANG_WARN_INFINITE_RECURSION = YES;
				CLANG_WARN_INT_CONVERSION = YES;
				CLANG_WARN_NON_LITERAL_NULL_CONVERSION = YES;
				CLANG_WARN_OBJC_IMPLICIT_RETAIN_SELF = YES;
				CLANG_WARN_OBJC_LITERAL_CONVERSION = YES;
				CLANG_WARN_OBJC_ROOT_CLASS = YES_ERROR;
				CLANG_WARN_RANGE_LOOP_ANALYSIS = YES;
				CLANG_WARN_STRICT_PROTOTYPES = YES;
				CLANG_WARN_SUSPICIOUS_MOVE = YES;
				CLANG_WARN_UNGUARDED_AVAILABILITY = YES_AGGRESSIVE;
				CLANG_WARN_UNREACHABLE_CODE = YES;
				CLANG_WARN__DUPLICATE_METHOD_MATCH = YES;
				CODE_SIGN_IDENTITY = "iPhone Developer";
				COPY_PHASE_STRIP = NO;
				DEBUG_INFORMATION_FORMAT = dwarf;
				ENABLE_STRICT_OBJC_MSGSEND = YES;
				ENABLE_TESTABILITY = YES;
				GCC_C_LANGUAGE_STANDARD = gnu11;
				GCC_DYNAMIC_NO_PIC = NO;
				GCC_NO_COMMON_BLOCKS = YES;
				GCC_OPTIMIZATION_LEVEL = 0;
				GCC_PREPROCESSOR_DEFINITIONS = (
					"DEBUG=1",
					"$(inherited)",
				);
				GCC_WARN_64_TO_32_BIT_CONVERSION = YES;
				GCC_WARN_ABOUT_RETURN_TYPE = YES_ERROR;
				GCC_WARN_UNDECLARED_SELECTOR = YES;
				GCC_WARN_UNINITIALIZED_AUTOS = YES_AGGRESSIVE;
				GCC_WARN_UNUSED_FUNCTION = YES;
				GCC_WARN_UNUSED_VARIABLE = YES;
				IPHONEOS_DEPLOYMENT_TARGET = 12.1;
				MTL_ENABLE_DEBUG_INFO = INCLUDE_SOURCE;
				MTL_FAST_MATH = YES;
				ONLY_ACTIVE_ARCH = YES;
				SDKROOT = iphoneos;
				SWIFT_ACTIVE_COMPILATION_CONDITIONS = DEBUG;
				SWIFT_OPTIMIZATION_LEVEL = "-Onone";
			};
			name = Debug;
		};
		5B5502A321F37FDE0015EA72 /* Release */ = {
			isa = XCBuildConfiguration;
			buildSettings = {
				ALWAYS_SEARCH_USER_PATHS = NO;
				CLANG_ANALYZER_NONNULL = YES;
				CLANG_ANALYZER_NUMBER_OBJECT_CONVERSION = YES_AGGRESSIVE;
				CLANG_CXX_LANGUAGE_STANDARD = "gnu++14";
				CLANG_CXX_LIBRARY = "libc++";
				CLANG_ENABLE_MODULES = YES;
				CLANG_ENABLE_OBJC_ARC = YES;
				CLANG_ENABLE_OBJC_WEAK = YES;
				CLANG_WARN_BLOCK_CAPTURE_AUTORELEASING = YES;
				CLANG_WARN_BOOL_CONVERSION = YES;
				CLANG_WARN_COMMA = YES;
				CLANG_WARN_CONSTANT_CONVERSION = YES;
				CLANG_WARN_DEPRECATED_OBJC_IMPLEMENTATIONS = YES;
				CLANG_WARN_DIRECT_OBJC_ISA_USAGE = YES_ERROR;
				CLANG_WARN_DOCUMENTATION_COMMENTS = YES;
				CLANG_WARN_EMPTY_BODY = YES;
				CLANG_WARN_ENUM_CONVERSION = YES;
				CLANG_WARN_INFINITE_RECURSION = YES;
				CLANG_WARN_INT_CONVERSION = YES;
				CLANG_WARN_NON_LITERAL_NULL_CONVERSION = YES;
				CLANG_WARN_OBJC_IMPLICIT_RETAIN_SELF = YES;
				CLANG_WARN_OBJC_LITERAL_CONVERSION = YES;
				CLANG_WARN_OBJC_ROOT_CLASS = YES_ERROR;
				CLANG_WARN_RANGE_LOOP_ANALYSIS = YES;
				CLANG_WARN_STRICT_PROTOTYPES = YES;
				CLANG_WARN_SUSPICIOUS_MOVE = YES;
				CLANG_WARN_UNGUARDED_AVAILABILITY = YES_AGGRESSIVE;
				CLANG_WARN_UNREACHABLE_CODE = YES;
				CLANG_WARN__DUPLICATE_METHOD_MATCH = YES;
				CODE_SIGN_IDENTITY = "iPhone Developer";
				COPY_PHASE_STRIP = NO;
				DEBUG_INFORMATION_FORMAT = "dwarf-with-dsym";
				ENABLE_NS_ASSERTIONS = NO;
				ENABLE_STRICT_OBJC_MSGSEND = YES;
				GCC_C_LANGUAGE_STANDARD = gnu11;
				GCC_NO_COMMON_BLOCKS = YES;
				GCC_WARN_64_TO_32_BIT_CONVERSION = YES;
				GCC_WARN_ABOUT_RETURN_TYPE = YES_ERROR;
				GCC_WARN_UNDECLARED_SELECTOR = YES;
				GCC_WARN_UNINITIALIZED_AUTOS = YES_AGGRESSIVE;
				GCC_WARN_UNUSED_FUNCTION = YES;
				GCC_WARN_UNUSED_VARIABLE = YES;
				IPHONEOS_DEPLOYMENT_TARGET = 12.1;
				MTL_ENABLE_DEBUG_INFO = NO;
				MTL_FAST_MATH = YES;
				SDKROOT = iphoneos;
				SWIFT_COMPILATION_MODE = wholemodule;
				SWIFT_OPTIMIZATION_LEVEL = "-O";
				VALIDATE_PRODUCT = YES;
			};
			name = Release;
		};
		5B5502A521F37FDE0015EA72 /* Debug */ = {
			isa = XCBuildConfiguration;
			baseConfigurationReference = B072C6F1498945ECC27CCF1A /* Pods-Weather.debug.xcconfig */;
			buildSettings = {
				ASSETCATALOG_COMPILER_APPICON_NAME = AppIcon;
				CLANG_WARN_NON_LITERAL_NULL_CONVERSION = YES_ERROR;
				CODE_SIGN_STYLE = Automatic;
				DEVELOPMENT_TEAM = 6SA7H4VJG5;
				GCC_TREAT_WARNINGS_AS_ERRORS = YES;
				INFOPLIST_FILE = Weather/Resources/Info.plist;
				IPHONEOS_DEPLOYMENT_TARGET = 11.0;
				LD_RUNPATH_SEARCH_PATHS = (
					"$(inherited)",
					"@executable_path/Frameworks",
				);
				PRODUCT_BUNDLE_IDENTIFIER = com.brenovinicios.Weather;
				PRODUCT_NAME = "$(TARGET_NAME)";
				SWIFT_VERSION = 4.2;
				TARGETED_DEVICE_FAMILY = 1;
			};
			name = Debug;
		};
		5B5502A621F37FDE0015EA72 /* Release */ = {
			isa = XCBuildConfiguration;
			baseConfigurationReference = 18E1E39CF0F2BBA18D2C8EF8 /* Pods-Weather.release.xcconfig */;
			buildSettings = {
				ASSETCATALOG_COMPILER_APPICON_NAME = AppIcon;
				CLANG_WARN_NON_LITERAL_NULL_CONVERSION = YES_ERROR;
				CODE_SIGN_STYLE = Automatic;
				DEVELOPMENT_TEAM = 6SA7H4VJG5;
				GCC_TREAT_WARNINGS_AS_ERRORS = YES;
				INFOPLIST_FILE = Weather/Resources/Info.plist;
				IPHONEOS_DEPLOYMENT_TARGET = 11.0;
				LD_RUNPATH_SEARCH_PATHS = (
					"$(inherited)",
					"@executable_path/Frameworks",
				);
				PRODUCT_BUNDLE_IDENTIFIER = com.brenovinicios.Weather;
				PRODUCT_NAME = "$(TARGET_NAME)";
				SWIFT_VERSION = 4.2;
				TARGETED_DEVICE_FAMILY = 1;
			};
			name = Release;
		};
		5B5502A821F37FDE0015EA72 /* Debug */ = {
			isa = XCBuildConfiguration;
			baseConfigurationReference = 5B4F791C849B24E512F020A0 /* Pods-WeatherTests.debug.xcconfig */;
			buildSettings = {
				ALWAYS_EMBED_SWIFT_STANDARD_LIBRARIES = YES;
				BUNDLE_LOADER = "$(TEST_HOST)";
				CODE_SIGN_STYLE = Automatic;
				DEVELOPMENT_TEAM = 6SA7H4VJG5;
				INFOPLIST_FILE = WeatherTests/Info.plist;
				LD_RUNPATH_SEARCH_PATHS = (
					"$(inherited)",
					"@executable_path/Frameworks",
					"@loader_path/Frameworks",
				);
				PRODUCT_BUNDLE_IDENTIFIER = com.brenovinicios.WeatherTests;
				PRODUCT_NAME = "$(TARGET_NAME)";
				SWIFT_VERSION = 4.2;
				TARGETED_DEVICE_FAMILY = "1,2";
				TEST_HOST = "$(BUILT_PRODUCTS_DIR)/Weather.app/Weather";
			};
			name = Debug;
		};
		5B5502A921F37FDE0015EA72 /* Release */ = {
			isa = XCBuildConfiguration;
			baseConfigurationReference = A02D272CC31C9DA106D4787F /* Pods-WeatherTests.release.xcconfig */;
			buildSettings = {
				ALWAYS_EMBED_SWIFT_STANDARD_LIBRARIES = YES;
				BUNDLE_LOADER = "$(TEST_HOST)";
				CODE_SIGN_STYLE = Automatic;
				DEVELOPMENT_TEAM = 6SA7H4VJG5;
				INFOPLIST_FILE = WeatherTests/Info.plist;
				LD_RUNPATH_SEARCH_PATHS = (
					"$(inherited)",
					"@executable_path/Frameworks",
					"@loader_path/Frameworks",
				);
				PRODUCT_BUNDLE_IDENTIFIER = com.brenovinicios.WeatherTests;
				PRODUCT_NAME = "$(TARGET_NAME)";
				SWIFT_VERSION = 4.2;
				TARGETED_DEVICE_FAMILY = "1,2";
				TEST_HOST = "$(BUILT_PRODUCTS_DIR)/Weather.app/Weather";
			};
			name = Release;
		};
		5B5502AB21F37FDE0015EA72 /* Debug */ = {
			isa = XCBuildConfiguration;
			baseConfigurationReference = 0BC207054D08A8C8805E9454 /* Pods-WeatherUITests.debug.xcconfig */;
			buildSettings = {
				ALWAYS_EMBED_SWIFT_STANDARD_LIBRARIES = YES;
				CODE_SIGN_STYLE = Automatic;
				DEVELOPMENT_TEAM = 6SA7H4VJG5;
				INFOPLIST_FILE = WeatherUITests/Info.plist;
				LD_RUNPATH_SEARCH_PATHS = (
					"$(inherited)",
					"@executable_path/Frameworks",
					"@loader_path/Frameworks",
				);
				PRODUCT_BUNDLE_IDENTIFIER = com.brenovinicios.WeatherUITests;
				PRODUCT_NAME = "$(TARGET_NAME)";
				SWIFT_VERSION = 4.2;
				TARGETED_DEVICE_FAMILY = "1,2";
				TEST_TARGET_NAME = Weather;
			};
			name = Debug;
		};
		5B5502AC21F37FDE0015EA72 /* Release */ = {
			isa = XCBuildConfiguration;
			baseConfigurationReference = 93346BE29D72A8259B8B827E /* Pods-WeatherUITests.release.xcconfig */;
			buildSettings = {
				ALWAYS_EMBED_SWIFT_STANDARD_LIBRARIES = YES;
				CODE_SIGN_STYLE = Automatic;
				DEVELOPMENT_TEAM = 6SA7H4VJG5;
				INFOPLIST_FILE = WeatherUITests/Info.plist;
				LD_RUNPATH_SEARCH_PATHS = (
					"$(inherited)",
					"@executable_path/Frameworks",
					"@loader_path/Frameworks",
				);
				PRODUCT_BUNDLE_IDENTIFIER = com.brenovinicios.WeatherUITests;
				PRODUCT_NAME = "$(TARGET_NAME)";
				SWIFT_VERSION = 4.2;
				TARGETED_DEVICE_FAMILY = "1,2";
				TEST_TARGET_NAME = Weather;
			};
			name = Release;
		};
/* End XCBuildConfiguration section */

/* Begin XCConfigurationList section */
		5B55027721F37FDC0015EA72 /* Build configuration list for PBXProject "Weather" */ = {
			isa = XCConfigurationList;
			buildConfigurations = (
				5B5502A221F37FDE0015EA72 /* Debug */,
				5B5502A321F37FDE0015EA72 /* Release */,
			);
			defaultConfigurationIsVisible = 0;
			defaultConfigurationName = Release;
		};
		5B5502A421F37FDE0015EA72 /* Build configuration list for PBXNativeTarget "Weather" */ = {
			isa = XCConfigurationList;
			buildConfigurations = (
				5B5502A521F37FDE0015EA72 /* Debug */,
				5B5502A621F37FDE0015EA72 /* Release */,
			);
			defaultConfigurationIsVisible = 0;
			defaultConfigurationName = Release;
		};
		5B5502A721F37FDE0015EA72 /* Build configuration list for PBXNativeTarget "WeatherTests" */ = {
			isa = XCConfigurationList;
			buildConfigurations = (
				5B5502A821F37FDE0015EA72 /* Debug */,
				5B5502A921F37FDE0015EA72 /* Release */,
			);
			defaultConfigurationIsVisible = 0;
			defaultConfigurationName = Release;
		};
		5B5502AA21F37FDE0015EA72 /* Build configuration list for PBXNativeTarget "WeatherUITests" */ = {
			isa = XCConfigurationList;
			buildConfigurations = (
				5B5502AB21F37FDE0015EA72 /* Debug */,
				5B5502AC21F37FDE0015EA72 /* Release */,
			);
			defaultConfigurationIsVisible = 0;
			defaultConfigurationName = Release;
		};
/* End XCConfigurationList section */
	};
	rootObject = 5B55027421F37FDC0015EA72 /* Project object */;
}
